# THIS IS AN AUTOGENERATED FILE. DO NOT EDIT THIS FILE DIRECTLY.
# yarn lockfile v1


aurelia-binding@^1.0.0, aurelia-binding@^1.2.1:
  version "1.5.0"
  resolved "https://registry.yarnpkg.com/aurelia-binding/-/aurelia-binding-1.5.0.tgz#ac237141a226f5df906fe06b13bc0806fe065cb7"
  dependencies:
    aurelia-logging "^1.0.0"
    aurelia-metadata "^1.0.0"
    aurelia-pal "^1.0.0"
    aurelia-task-queue "^1.0.0"

aurelia-dependency-injection@^1.0.0, aurelia-dependency-injection@^1.3.1:
  version "1.3.2"
  resolved "https://registry.yarnpkg.com/aurelia-dependency-injection/-/aurelia-dependency-injection-1.3.2.tgz#5f9ca5dede6a1ccc72a0838c980df3dfe7918756"
  dependencies:
    aurelia-metadata "^1.0.0"
    aurelia-pal "^1.0.0"

aurelia-loader@^1.0.0:
  version "1.0.0"
  resolved "https://registry.yarnpkg.com/aurelia-loader/-/aurelia-loader-1.0.0.tgz#b78c2a2813aa8e441247237dd66fd62e5d4e19ea"
  dependencies:
    aurelia-metadata "^1.0.0"
    aurelia-path "^1.0.0"

aurelia-logging@^1.0.0, aurelia-logging@^1.3.1:
  version "1.3.1"
  resolved "https://registry.yarnpkg.com/aurelia-logging/-/aurelia-logging-1.3.1.tgz#b34ae759372ba08740ab12233a89bad15487fe98"

aurelia-metadata@^1.0.0:
  version "1.0.3"
  resolved "https://registry.yarnpkg.com/aurelia-metadata/-/aurelia-metadata-1.0.3.tgz#1e8d59da188e2871a8ad749ba42ca85084a3f30e"
  dependencies:
    aurelia-pal "^1.0.0"

aurelia-pal@^1.0.0, aurelia-pal@^1.3.0:
  version "1.4.0"
  resolved "https://registry.yarnpkg.com/aurelia-pal/-/aurelia-pal-1.4.0.tgz#1148f256c854c0e020a0a8f465cbf4a6eeaf9188"

aurelia-path@^1.0.0:
  version "1.1.1"
  resolved "https://registry.yarnpkg.com/aurelia-path/-/aurelia-path-1.1.1.tgz#caa9d20bc8515a5f9f286d9a3b18d81b2c85b0dd"

aurelia-task-queue@^1.0.0, aurelia-task-queue@^1.1.0, aurelia-task-queue@^1.2.0:
  version "1.2.1"
  resolved "https://registry.yarnpkg.com/aurelia-task-queue/-/aurelia-task-queue-1.2.1.tgz#2e25c7cd663b7e3074f1d99744eb2d14ec5ce594"
  dependencies:
    aurelia-pal "^1.0.0"

aurelia-templating@^1.4.2:
  version "1.6.0"
  resolved "https://registry.yarnpkg.com/aurelia-templating/-/aurelia-templating-1.6.0.tgz#f2e47c694a02ce7eea2bcd631e795653c29be5b3"
  dependencies:
    aurelia-binding "^1.0.0"
    aurelia-dependency-injection "^1.0.0"
    aurelia-loader "^1.0.0"
    aurelia-logging "^1.0.0"
    aurelia-metadata "^1.0.0"
    aurelia-pal "^1.0.0"
    aurelia-path "^1.0.0"
    aurelia-task-queue "^1.1.0"

aurelia-validation@^1.1.2:
  version "1.1.2"
  resolved "https://registry.yarnpkg.com/aurelia-validation/-/aurelia-validation-1.1.2.tgz#22304ad65add4132dbc090d93faa04d5cc2c3ce9"
  dependencies:
    aurelia-binding "^1.2.1"
    aurelia-dependency-injection "^1.3.1"
    aurelia-logging "^1.3.1"
    aurelia-pal "^1.3.0"
    aurelia-task-queue "^1.2.0"
    aurelia-templating "^1.4.2"
